
Microsoft Visual Studio Solution File, Format Version 12.00
# Visual Studio Version 16
VisualStudioVersion = 16.0.32413.511
MinimumVisualStudioVersion = 10.0.40219.1
Project("{FAE04EC0-301F-11D3-BF4B-00C04F79EFBC}") = "MiniProject5", "MiniProject5\MiniProject5.csproj", "{4F431A30-C989-4339-B087-A62D9F92DAFE}"
EndProject
Global
	GlobalSection(SolutionConfigurationPlatforms) = preSolution
		Debug|Any CPU = Debug|Any CPU
		Release|Any CPU = Release|Any CPU
	EndGlobalSection
	GlobalSection(ProjectConfigurationPlatforms) = postSolution
		{4F431A30-C989-4339-B087-A62D9F92DAFE}.Debug|Any CPU.ActiveCfg = Debug|Any CPU
		{4F431A30-C989-4339-B087-A62D9F92DAFE}.Debug|Any CPU.Build.0 = Debug|Any CPU
		{4F431A30-C989-4339-B087-A62D9F92DAFE}.Release|Any CPU.ActiveCfg = Release|Any CPU
		{4F431A30-C989-4339-B087-A62D9F92DAFE}.Release|Any CPU.Build.0 = Release|Any CPU
	EndGlobalSection
	GlobalSection(SolutionProperties) = preSolution
		HideSolutionNode = FALSE
	EndGlobalSection
	GlobalSection(ExtensibilityGlobals) = postSolution
		SolutionGuid = {3C089D64-9C11-431D-8CB6-F30213CB8B1A}
	EndGlobalSection
EndGlobal
